#MicroXplorer Configuration settings - do not modify
CAD.formats=
CAD.pinconfig=
CAD.provider=
ETH.IPParameters=MediaInterface,PHY_Name,PHY_Value,PhyAddress
ETH.MediaInterface=HAL_ETH_RMII_MODE
ETH.PHY_Name=LAN8742A_PHY_ADDRESS
ETH.PHY_Value=0
ETH.PhyAddress=0
FREERTOS.FootprintOK=true
FREERTOS.IPParameters=Tasks01,configUSE_NEWLIB_REENTRANT,FootprintOK
FREERTOS.Tasks01=defaultTask,24,128,StartDefaultTask,Default,NULL,Dynamic,NULL,NULL;RC_car,8,128,control_RC_car_func,Default,NULL,Dynamic,NULL,NULL;Robot_Arm,8,128,control_robot_arm_func,Default,NULL,Dynamic,NULL,NULL
FREERTOS.configUSE_NEWLIB_REENTRANT=1
File.Version=6
KeepUserPlacement=false
Mcu.CPN=STM32F429ZIT6
Mcu.Family=STM32F4
Mcu.IP0=ETH
Mcu.IP1=FREERTOS
Mcu.IP2=NVIC
Mcu.IP3=RCC
Mcu.IP4=SYS
Mcu.IP5=TIM2
Mcu.IP6=TIM4
Mcu.IP7=TIM6
Mcu.IP8=USART3
Mcu.IP9=USB_OTG_FS
Mcu.IPNb=10
Mcu.Name=STM32F429ZITx
Mcu.Package=LQFP144
Mcu.Pin0=PE3
Mcu.Pin1=PE4
Mcu.Pin10=PA0/WKUP
Mcu.Pin11=PA1
Mcu.Pin12=PA2
Mcu.Pin13=PA3
Mcu.Pin14=PA7
Mcu.Pin15=PC4
Mcu.Pin16=PC5
Mcu.Pin17=PB0
Mcu.Pin18=PB10
Mcu.Pin19=PB13
Mcu.Pin2=PE5
Mcu.Pin20=PB14
Mcu.Pin21=PD8
Mcu.Pin22=PD9
Mcu.Pin23=PD12
Mcu.Pin24=PD13
Mcu.Pin25=PG6
Mcu.Pin26=PG7
Mcu.Pin27=PA8
Mcu.Pin28=PA9
Mcu.Pin29=PA10
Mcu.Pin3=PE6
Mcu.Pin30=PA11
Mcu.Pin31=PA12
Mcu.Pin32=PA13
Mcu.Pin33=PA14
Mcu.Pin34=PG11
Mcu.Pin35=PG13
Mcu.Pin36=PB3
Mcu.Pin37=PB7
Mcu.Pin38=VP_FREERTOS_VS_CMSIS_V2
Mcu.Pin39=VP_SYS_VS_tim11
Mcu.Pin4=PC13
Mcu.Pin40=VP_TIM4_VS_ClockSourceINT
Mcu.Pin41=VP_TIM6_VS_ClockSourceINT
Mcu.Pin5=PC14/OSC32_IN
Mcu.Pin6=PC15/OSC32_OUT
Mcu.Pin7=PH0/OSC_IN
Mcu.Pin8=PH1/OSC_OUT
Mcu.Pin9=PC1
Mcu.PinsNb=42
Mcu.ThirdPartyNb=0
Mcu.UserConstants=
Mcu.UserName=STM32F429ZITx
MxCube.Version=6.8.0
MxDb.Version=DB.6.0.80
NVIC.BusFault_IRQn=true\:0\:0\:false\:false\:true\:false\:true\:false\:false
NVIC.DebugMonitor_IRQn=true\:0\:0\:false\:false\:true\:false\:true\:false\:false
NVIC.ForceEnableDMAVector=true
NVIC.HardFault_IRQn=true\:0\:0\:false\:false\:true\:false\:true\:false\:false
NVIC.MemoryManagement_IRQn=true\:0\:0\:false\:false\:true\:false\:true\:false\:false
NVIC.NonMaskableInt_IRQn=true\:0\:0\:false\:false\:true\:false\:true\:false\:false
NVIC.PendSV_IRQn=true\:15\:0\:false\:false\:false\:true\:true\:false\:false
NVIC.PriorityGroup=NVIC_PRIORITYGROUP_4
NVIC.SVCall_IRQn=true\:0\:0\:false\:false\:false\:false\:true\:false\:false
NVIC.SavedPendsvIrqHandlerGenerated=true
NVIC.SavedSvcallIrqHandlerGenerated=true
NVIC.SavedSystickIrqHandlerGenerated=true
NVIC.SysTick_IRQn=true\:15\:0\:false\:false\:false\:true\:true\:true\:false
NVIC.TIM1_TRG_COM_TIM11_IRQn=true\:15\:0\:false\:false\:true\:false\:false\:true\:true
NVIC.TIM6_DAC_IRQn=true\:5\:0\:false\:false\:true\:true\:true\:true\:true
NVIC.TimeBase=TIM1_TRG_COM_TIM11_IRQn
NVIC.TimeBaseIP=TIM11
NVIC.USART3_IRQn=true\:5\:0\:false\:false\:true\:true\:true\:true\:true
NVIC.UsageFault_IRQn=true\:0\:0\:false\:false\:true\:false\:true\:false\:false
PA0/WKUP.GPIOParameters=GPIO_Label
PA0/WKUP.GPIO_Label=RA_PLATE_PWM_CH1
PA0/WKUP.Signal=S_TIM2_CH1_ETR
PA1.GPIOParameters=GPIO_Label
PA1.GPIO_Label=RMII_REF_CLK [LAN8742A-CZ-TR_REFCLK0]
PA1.Locked=true
PA1.Mode=RMII
PA1.Signal=ETH_REF_CLK
PA10.GPIOParameters=GPIO_Label
PA10.GPIO_Label=USB_ID
PA10.Locked=true
PA10.Signal=USB_OTG_FS_ID
PA11.GPIOParameters=GPIO_Label
PA11.GPIO_Label=USB_DM
PA11.Locked=true
PA11.Mode=Device_Only
PA11.Signal=USB_OTG_FS_DM
PA12.GPIOParameters=GPIO_Label
PA12.GPIO_Label=USB_DP
PA12.Locked=true
PA12.Mode=Device_Only
PA12.Signal=USB_OTG_FS_DP
PA13.GPIOParameters=GPIO_Label
PA13.GPIO_Label=TMS
PA13.Locked=true
PA13.Mode=Serial_Wire
PA13.Signal=SYS_JTMS-SWDIO
PA14.GPIOParameters=GPIO_Label
PA14.GPIO_Label=TCK
PA14.Locked=true
PA14.Mode=Serial_Wire
PA14.Signal=SYS_JTCK-SWCLK
PA2.GPIOParameters=GPIO_Label
PA2.GPIO_Label=RMII_MDIO [LAN8742A-CZ-TR_MDIO]
PA2.Locked=true
PA2.Mode=RMII
PA2.Signal=ETH_MDIO
PA3.GPIOParameters=GPIO_Label
PA3.GPIO_Label=RA_GRIP_PWM_CH4
PA3.Signal=S_TIM2_CH4
PA7.GPIOParameters=GPIO_Label
PA7.GPIO_Label=RMII_CRS_DV [LAN8742A-CZ-TR_CRS_DV]
PA7.Locked=true
PA7.Mode=RMII
PA7.Signal=ETH_CRS_DV
PA8.GPIOParameters=GPIO_Label
PA8.GPIO_Label=USB_SOF [TP1]
PA8.Locked=true
PA8.Mode=Activate_SOF_FS
PA8.Signal=USB_OTG_FS_SOF
PA9.GPIOParameters=GPIO_Label
PA9.GPIO_Label=USB_VBUS
PA9.Locked=true
PA9.Mode=Activate_VBUS
PA9.Signal=USB_OTG_FS_VBUS
PB0.GPIOParameters=GPIO_Label
PB0.GPIO_Label=LD1 [Green]
PB0.Locked=true
PB0.Signal=GPIO_Output
PB10.GPIOParameters=GPIO_Label
PB10.GPIO_Label=RA_JOINT2_PWM_CH3
PB10.Signal=S_TIM2_CH3
PB13.GPIOParameters=GPIO_Label
PB13.GPIO_Label=RMII_TXD1 [LAN8742A-CZ-TR_TXD1]
PB13.Locked=true
PB13.Mode=RMII
PB13.Signal=ETH_TXD1
PB14.GPIOParameters=GPIO_Label
PB14.GPIO_Label=LD3 [Red]
PB14.Locked=true
PB14.Signal=GPIO_Output
PB3.GPIOParameters=GPIO_Label
PB3.GPIO_Label=RA_JOINT1_PWM_CH2
PB3.Signal=S_TIM2_CH2
PB7.GPIOParameters=GPIO_Label
PB7.GPIO_Label=LD2 [Blue]
PB7.Locked=true
PB7.Signal=GPIO_Output
PC1.GPIOParameters=GPIO_Label
PC1.GPIO_Label=RMII_MDC [LAN8742A-CZ-TR_MDC]
PC1.Locked=true
PC1.Mode=RMII
PC1.Signal=ETH_MDC
PC13.GPIOParameters=GPIO_Label
PC13.GPIO_Label=USER_Btn [B1]
PC13.Locked=true
PC13.Signal=GPXTI13
PC14/OSC32_IN.Locked=true
PC14/OSC32_IN.Mode=LSE-External-Oscillator
PC14/OSC32_IN.Signal=RCC_OSC32_IN
PC15/OSC32_OUT.Locked=true
PC15/OSC32_OUT.Mode=LSE-External-Oscillator
PC15/OSC32_OUT.Signal=RCC_OSC32_OUT
PC4.GPIOParameters=GPIO_Label
PC4.GPIO_Label=RMII_RXD0 [LAN8742A-CZ-TR_RXD0]
PC4.Locked=true
PC4.Mode=RMII
PC4.Signal=ETH_RXD0
PC5.GPIOParameters=GPIO_Label
PC5.GPIO_Label=RMII_RXD1 [LAN8742A-CZ-TR_RXD1]
PC5.Locked=true
PC5.Mode=RMII
PC5.Signal=ETH_RXD1
PD12.GPIOParameters=GPIO_Label
PD12.GPIO_Label=LEFT_WHEEL_PWM_CH1
PD12.Locked=true
PD12.Signal=S_TIM4_CH1
PD13.GPIOParameters=GPIO_Label
PD13.GPIO_Label=RIGHT_WHEEL_PWM_CH2
PD13.Locked=true
PD13.Signal=S_TIM4_CH2
PD8.GPIOParameters=GPIO_Label
PD8.GPIO_Label=STLK_RX [STM32F103CBT6_PA3]
PD8.Locked=true
PD8.Mode=Asynchronous
PD8.Signal=USART3_TX
PD9.GPIOParameters=GPIO_Label
PD9.GPIO_Label=STLK_TX [STM32F103CBT6_PA2]
PD9.Locked=true
PD9.Mode=Asynchronous
PD9.Signal=USART3_RX
PE3.GPIOParameters=GPIO_Label
PE3.GPIO_Label=LEFT_WHEEL_IN1
PE3.Locked=true
PE3.Signal=GPIO_Output
PE4.GPIOParameters=GPIO_Label
PE4.GPIO_Label=LEFT_WHEEL_IN2
PE4.Locked=true
PE4.Signal=GPIO_Output
PE5.GPIOParameters=GPIO_Label
PE5.GPIO_Label=RIGHT_WHEEL_IN3
PE5.Locked=true
PE5.Signal=GPIO_Output
PE6.GPIOParameters=GPIO_Label
PE6.GPIO_Label=RIGHT_WHEEL_IN4
PE6.Locked=true
PE6.Signal=GPIO_Output
PG11.GPIOParameters=GPIO_Label
PG11.GPIO_Label=RMII_TX_EN [LAN8742A-CZ-TR_TXEN]
PG11.Locked=true
PG11.Mode=RMII
PG11.Signal=ETH_TX_EN
PG13.GPIOParameters=GPIO_Label
PG13.GPIO_Label=RMII_TXD0 [LAN8742A-CZ-TR_TXD0]
PG13.Locked=true
PG13.Mode=RMII
PG13.Signal=ETH_TXD0
PG6.GPIOParameters=GPIO_Label
PG6.GPIO_Label=USB_PowerSwitchOn [STMPS2151STR_EN]
PG6.Locked=true
PG6.Signal=GPIO_Output
PG7.GPIOParameters=GPIO_Label
PG7.GPIO_Label=USB_OverCurrent [STMPS2151STR_FAULT]
PG7.Locked=true
PG7.Signal=GPIO_Input
PH0/OSC_IN.GPIOParameters=GPIO_Label
PH0/OSC_IN.GPIO_Label=MCO [STM32F103CBT6_PA8]
PH0/OSC_IN.Locked=true
PH0/OSC_IN.Mode=HSE-External-Clock-Source
PH0/OSC_IN.Signal=RCC_OSC_IN
PH1/OSC_OUT.Mode=HSE-External-Clock-Source
PH1/OSC_OUT.Signal=RCC_OSC_OUT
PinOutPanel.RotationAngle=0
ProjectManager.AskForMigrate=true
ProjectManager.BackupPrevious=false
ProjectManager.CompilerOptimize=6
ProjectManager.ComputerToolchain=false
ProjectManager.CoupleFile=false
ProjectManager.CustomerFirmwarePackage=
ProjectManager.DefaultFWLocation=true
ProjectManager.DeletePrevious=true
ProjectManager.DeviceId=STM32F429ZITx
ProjectManager.FirmwarePackage=STM32Cube FW_F4 V1.27.1
ProjectManager.FreePins=false
ProjectManager.HalAssertFull=false
ProjectManager.HeapSize=0x200
ProjectManager.KeepUserCode=true
ProjectManager.LastFirmware=true
ProjectManager.LibraryCopy=1
ProjectManager.MainLocation=Core/Src
ProjectManager.NoMain=false
ProjectManager.PreviousToolchain=
ProjectManager.ProjectBuild=false
ProjectManager.ProjectFileName=EOF_CARBOT_CLIENT.ioc
ProjectManager.ProjectName=EOF_CARBOT_CLIENT
ProjectManager.ProjectStructure=
ProjectManager.RegisterCallBack=
ProjectManager.StackSize=0x400
ProjectManager.TargetToolchain=STM32CubeIDE
ProjectManager.ToolChainLocation=
ProjectManager.UnderRoot=true
ProjectManager.functionlistsort=1-SystemClock_Config-RCC-false-HAL-false,2-MX_GPIO_Init-GPIO-false-HAL-true,3-MX_ETH_Init-ETH-false-HAL-true,4-MX_USART3_UART_Init-USART3-false-HAL-true,5-MX_USB_OTG_FS_PCD_Init-USB_OTG_FS-false-HAL-true,6-MX_TIM4_Init-TIM4-false-HAL-true,7-MX_TIM6_Init-TIM6-false-HAL-true,8-MX_TIM2_Init-TIM2-false-HAL-true
RCC.48MHZClocksFreq_Value=48000000
RCC.ADC12outputFreq_Value=72000000
RCC.ADC34outputFreq_Value=72000000
RCC.AHBFreq_Value=168000000
RCC.APB1CLKDivider=RCC_HCLK_DIV4
RCC.APB1Freq_Value=42000000
RCC.APB1TimFreq_Value=84000000
RCC.APB2CLKDivider=RCC_HCLK_DIV2
RCC.APB2Freq_Value=84000000
RCC.APB2TimCLKDivider=2
RCC.APB2TimFreq_Value=168000000
RCC.CortexFreq_Value=168000000
RCC.EthernetFreq_Value=168000000
RCC.FCLKCortexFreq_Value=168000000
RCC.FamilyName=M
RCC.HCLKFreq_Value=168000000
RCC.HSE_VALUE=8000000
RCC.HSI_VALUE=16000000
RCC.I2C1Freq_Value=8000000
RCC.I2C2Freq_Value=8000000
RCC.I2C3Freq_Value=8000000
RCC.I2SClocksFreq_Value=192000000
RCC.IPParameters=48MHZClocksFreq_Value,ADC12outputFreq_Value,ADC34outputFreq_Value,AHBFreq_Value,APB1CLKDivider,APB1Freq_Value,APB1TimFreq_Value,APB2CLKDivider,APB2Freq_Value,APB2TimCLKDivider,APB2TimFreq_Value,CortexFreq_Value,EthernetFreq_Value,FCLKCortexFreq_Value,FamilyName,HCLKFreq_Value,HSE_VALUE,HSI_VALUE,I2C1Freq_Value,I2C2Freq_Value,I2C3Freq_Value,I2SClocksFreq_Value,LCDTFTFreq_Value,LSI_VALUE,MCO1PinFreq_Value,MCO2PinFreq_Value,MCOFreq_Value,PLLCLKFreq_Value,PLLM,PLLMCOFreq_Value,PLLMUL,PLLN,PLLQ,PLLQCLKFreq_Value,PRESCALERUSB,RTCFreq_Value,RTCHSEDivFreq_Value,SAI_AClocksFreq_Value,SAI_BClocksFreq_Value,SYSCLKFreq_VALUE,SYSCLKSource,SYSCLKSourceVirtual,TIM15Freq_Value,TIM16Freq_Value,TIM17Freq_Value,TIM1Freq_Value,TIM20Freq_Value,TIM2Freq_Value,TIM3Freq_Value,TIM8Freq_Value,UART4Freq_Value,UART5Freq_Value,USART1Freq_Value,USART2Freq_Value,USART3Freq_Value,USBFreq_Value,VCOI2SOutputFreq_Value,VCOInputFreq_Value,VCOOutput2Freq_Value,VCOOutputFreq_Value,VCOSAIOutputFreq_Value,VCOSAIOutputFreq_ValueQ,VCOSAIOutputFreq_ValueR,VcooutputI2S,VcooutputI2SQ,WatchDogFreq_Value
RCC.LCDTFTFreq_Value=24500000
RCC.LSI_VALUE=32000
RCC.MCO1PinFreq_Value=16000000
RCC.MCO2PinFreq_Value=168000000
RCC.MCOFreq_Value=72000000
RCC.PLLCLKFreq_Value=168000000
RCC.PLLM=4
RCC.PLLMCOFreq_Value=72000000
RCC.PLLMUL=RCC_PLL_MUL9
RCC.PLLN=168
RCC.PLLQ=7
RCC.PLLQCLKFreq_Value=48000000
RCC.PRESCALERUSB=RCC_USBCLKSOURCE_PLL_DIV1_5
RCC.RTCFreq_Value=32000
RCC.RTCHSEDivFreq_Value=4000000
RCC.SAI_AClocksFreq_Value=24500000
RCC.SAI_BClocksFreq_Value=24500000
RCC.SYSCLKFreq_VALUE=168000000
RCC.SYSCLKSource=RCC_SYSCLKSOURCE_PLLCLK
RCC.SYSCLKSourceVirtual=RCC_SYSCLKSOURCE_PLLCLK
RCC.TIM15Freq_Value=72000000
RCC.TIM16Freq_Value=72000000
RCC.TIM17Freq_Value=72000000
RCC.TIM1Freq_Value=72000000
RCC.TIM20Freq_Value=72000000
RCC.TIM2Freq_Value=72000000
RCC.TIM3Freq_Value=72000000
RCC.TIM8Freq_Value=72000000
RCC.UART4Freq_Value=36000000
RCC.UART5Freq_Value=36000000
RCC.USART1Freq_Value=72000000
RCC.USART2Freq_Value=36000000
RCC.USART3Freq_Value=36000000
RCC.USBFreq_Value=48000000
RCC.VCOI2SOutputFreq_Value=384000000
RCC.VCOInputFreq_Value=2000000
RCC.VCOOutput2Freq_Value=8000000
RCC.VCOOutputFreq_Value=336000000
RCC.VCOSAIOutputFreq_Value=98000000
RCC.VCOSAIOutputFreq_ValueQ=24500000
RCC.VCOSAIOutputFreq_ValueR=49000000
RCC.VcooutputI2S=192000000
RCC.VcooutputI2SQ=192000000
RCC.WatchDogFreq_Value=32000
SH.GPXTI13.0=GPIO_EXTI13
SH.GPXTI13.ConfNb=1
SH.S_TIM2_CH1_ETR.0=TIM2_CH1,PWM Generation1 CH1
SH.S_TIM2_CH1_ETR.ConfNb=1
SH.S_TIM2_CH2.0=TIM2_CH2,PWM Generation2 CH2
SH.S_TIM2_CH2.ConfNb=1
SH.S_TIM2_CH3.0=TIM2_CH3,PWM Generation3 CH3
SH.S_TIM2_CH3.ConfNb=1
SH.S_TIM2_CH4.0=TIM2_CH4,PWM Generation4 CH4
SH.S_TIM2_CH4.ConfNb=1
SH.S_TIM4_CH1.0=TIM4_CH1,PWM Generation1 CH1
SH.S_TIM4_CH1.ConfNb=1
SH.S_TIM4_CH2.0=TIM4_CH2,PWM Generation2 CH2
SH.S_TIM4_CH2.ConfNb=1
TIM2.Channel-PWM\ Generation1\ CH1=TIM_CHANNEL_1
TIM2.Channel-PWM\ Generation2\ CH2=TIM_CHANNEL_2
TIM2.Channel-PWM\ Generation3\ CH3=TIM_CHANNEL_3
TIM2.Channel-PWM\ Generation4\ CH4=TIM_CHANNEL_4
TIM2.IPParameters=Channel-PWM Generation1 CH1,Channel-PWM Generation2 CH2,Channel-PWM Generation3 CH3,Channel-PWM Generation4 CH4,Prescaler,Period,Pulse-PWM Generation1 CH1,Pulse-PWM Generation2 CH2,Pulse-PWM Generation3 CH3,Pulse-PWM Generation4 CH4
TIM2.Period=1000-1
TIM2.Prescaler=1680-1
TIM2.Pulse-PWM\ Generation1\ CH1=75-1
TIM2.Pulse-PWM\ Generation2\ CH2=75-1
TIM2.Pulse-PWM\ Generation3\ CH3=75-1
TIM2.Pulse-PWM\ Generation4\ CH4=75-1
TIM4.Channel-PWM\ Generation1\ CH1=TIM_CHANNEL_1
TIM4.Channel-PWM\ Generation2\ CH2=TIM_CHANNEL_2
TIM4.IPParameters=Channel-PWM Generation1 CH1,Channel-PWM Generation2 CH2,Prescaler,Period,Pulse-PWM Generation1 CH1,OCFastMode_PWM-PWM Generation1 CH1,Pulse-PWM Generation2 CH2,OCFastMode_PWM-PWM Generation2 CH2
TIM4.OCFastMode_PWM-PWM\ Generation1\ CH1=TIM_OCFAST_ENABLE
TIM4.OCFastMode_PWM-PWM\ Generation2\ CH2=TIM_OCFAST_ENABLE
TIM4.Period=100-1
TIM4.Prescaler=840-1
TIM4.Pulse-PWM\ Generation1\ CH1=70-1
TIM4.Pulse-PWM\ Generation2\ CH2=70-1
TIM6.IPParameters=Prescaler
TIM6.Prescaler=84-1
USART3.BaudRate=9600
USART3.IPParameters=VirtualMode,BaudRate
USART3.VirtualMode=VM_ASYNC
USB_OTG_FS.IPParameters=VirtualMode
USB_OTG_FS.VirtualMode=Device_Only
VP_FREERTOS_VS_CMSIS_V2.Mode=CMSIS_V2
VP_FREERTOS_VS_CMSIS_V2.Signal=FREERTOS_VS_CMSIS_V2
VP_SYS_VS_tim11.Mode=TIM11
VP_SYS_VS_tim11.Signal=SYS_VS_tim11
VP_TIM4_VS_ClockSourceINT.Mode=Internal
VP_TIM4_VS_ClockSourceINT.Signal=TIM4_VS_ClockSourceINT
VP_TIM6_VS_ClockSourceINT.Mode=Enable_Timer
VP_TIM6_VS_ClockSourceINT.Signal=TIM6_VS_ClockSourceINT
board=NUCLEO-F429ZI
boardIOC=true
rtos.0.ip=FREERTOS
isbadioc=false
